
Microsoft Visual Studio Solution File, Format Version 12.00
# Visual Studio Version 17
VisualStudioVersion = 17.5.33424.131
MinimumVisualStudioVersion = 10.0.40219.1
Project("{FAE04EC0-301F-11D3-BF4B-00C04F79EFBC}") = "Mercle_Hellman", "Mercle_Hellman\Mercle_Hellman.csproj", "{B87F365F-773C-4F69-8782-EDAB68FFBAFF}"
EndProject
Project("{E53339B2-1760-4266-BCC7-CA923CBCF16C}") = "docker-compose", "docker-compose.dcproj", "{2ED9BD32-E28B-4F74-9C11-8ECF1BDE7952}"
EndProject
Global
	GlobalSection(SolutionConfigurationPlatforms) = preSolution
		Debug|Any CPU = Debug|Any CPU
		Release|Any CPU = Release|Any CPU
	EndGlobalSection
	GlobalSection(ProjectConfigurationPlatforms) = postSolution
		{B87F365F-773C-4F69-8782-EDAB68FFBAFF}.Debug|Any CPU.ActiveCfg = Debug|Any CPU
		{B87F365F-773C-4F69-8782-EDAB68FFBAFF}.Debug|Any CPU.Build.0 = Debug|Any CPU
		{B87F365F-773C-4F69-8782-EDAB68FFBAFF}.Release|Any CPU.ActiveCfg = Release|Any CPU
		{B87F365F-773C-4F69-8782-EDAB68FFBAFF}.Release|Any CPU.Build.0 = Release|Any CPU
		{2ED9BD32-E28B-4F74-9C11-8ECF1BDE7952}.Debug|Any CPU.ActiveCfg = Debug|Any CPU
		{2ED9BD32-E28B-4F74-9C11-8ECF1BDE7952}.Debug|Any CPU.Build.0 = Debug|Any CPU
		{2ED9BD32-E28B-4F74-9C11-8ECF1BDE7952}.Release|Any CPU.ActiveCfg = Release|Any CPU
		{2ED9BD32-E28B-4F74-9C11-8ECF1BDE7952}.Release|Any CPU.Build.0 = Release|Any CPU
	EndGlobalSection
	GlobalSection(SolutionProperties) = preSolution
		HideSolutionNode = FALSE
	EndGlobalSection
	GlobalSection(ExtensibilityGlobals) = postSolution
		SolutionGuid = {4D3DAB5D-6A67-4D5B-B086-4CB5AABA02FA}
	EndGlobalSection
EndGlobal
